
Microsoft Visual Studio Solution File, Format Version 12.00
# Visual Studio 15
VisualStudioVersion = 15.0.27703.2018
MinimumVisualStudioVersion = 10.0.40219.1
Project("{8BC9CEB8-8B4A-11D0-8D11-00A0C91BC942}") = "PassFiltEx", "PassFiltEx.vcxproj", "{AE088FDC-459F-4F8A-BB76-D7CB7595BBAC}"
EndProject
Project("{8BC9CEB8-8B4A-11D0-8D11-00A0C91BC942}") = "PassFiltExTest", "PassFiltExTest\PassFiltExTest.vcxproj", "{BB11C742-384C-403D-B908-609F8F2C8050}"
EndProject
Global
	GlobalSection(SolutionConfigurationPlatforms) = preSolution
		Debug|x64 = Debug|x64
		Debug|x86 = Debug|x86
		Release|x64 = Release|x64
		Release|x86 = Release|x86
	EndGlobalSection
	GlobalSection(ProjectConfigurationPlatforms) = postSolution
		{AE088FDC-459F-4F8A-BB76-D7CB7595BBAC}.Debug|x64.ActiveCfg = Debug|x64
		{AE088FDC-459F-4F8A-BB76-D7CB7595BBAC}.Debug|x64.Build.0 = Debug|x64
		{AE088FDC-459F-4F8A-BB76-D7CB7595BBAC}.Debug|x86.ActiveCfg = Debug|Win32
		{AE088FDC-459F-4F8A-BB76-D7CB7595BBAC}.Debug|x86.Build.0 = Debug|Win32
		{AE088FDC-459F-4F8A-BB76-D7CB7595BBAC}.Release|x64.ActiveCfg = Release|x64
		{AE088FDC-459F-4F8A-BB76-D7CB7595BBAC}.Release|x64.Build.0 = Release|x64
		{AE088FDC-459F-4F8A-BB76-D7CB7595BBAC}.Release|x86.ActiveCfg = Release|Win32
		{AE088FDC-459F-4F8A-BB76-D7CB7595BBAC}.Release|x86.Build.0 = Release|Win32
		{BB11C742-384C-403D-B908-609F8F2C8050}.Debug|x64.ActiveCfg = Debug|x64
		{BB11C742-384C-403D-B908-609F8F2C8050}.Debug|x64.Build.0 = Debug|x64
		{BB11C742-384C-403D-B908-609F8F2C8050}.Debug|x86.ActiveCfg = Debug|Win32
		{BB11C742-384C-403D-B908-609F8F2C8050}.Debug|x86.Build.0 = Debug|Win32
		{BB11C742-384C-403D-B908-609F8F2C8050}.Release|x64.ActiveCfg = Release|x64
		{BB11C742-384C-403D-B908-609F8F2C8050}.Release|x64.Build.0 = Release|x64
		{BB11C742-384C-403D-B908-609F8F2C8050}.Release|x86.ActiveCfg = Release|Win32
		{BB11C742-384C-403D-B908-609F8F2C8050}.Release|x86.Build.0 = Release|Win32
	EndGlobalSection
	GlobalSection(SolutionProperties) = preSolution
		HideSolutionNode = FALSE
	EndGlobalSection
	GlobalSection(ExtensibilityGlobals) = postSolution
		SolutionGuid = {1AE19B57-5E5B-4CA8-8CA5-05810E1156EB}
	EndGlobalSection
EndGlobal
